
Microsoft Visual Studio Solution File, Format Version 12.00
# Visual Studio Version 17
VisualStudioVersion = 17.7.34031.279
MinimumVisualStudioVersion = 10.0.40219.1
Project("{FAE04EC0-301F-11D3-BF4B-00C04F79EFBC}") = "ConsoleApp1", "ConsoleApp1\ConsoleApp1.csproj", "{0F937063-FCFA-452B-964E-83F9CE360889}"
EndProject
Global
	GlobalSection(SolutionConfigurationPlatforms) = preSolution
		Debug|Any CPU = Debug|Any CPU
		Release|Any CPU = Release|Any CPU
	EndGlobalSection
	GlobalSection(ProjectConfigurationPlatforms) = postSolution
		{0F937063-FCFA-452B-964E-83F9CE360889}.Debug|Any CPU.ActiveCfg = Debug|Any CPU
		{0F937063-FCFA-452B-964E-83F9CE360889}.Debug|Any CPU.Build.0 = Debug|Any CPU
		{0F937063-FCFA-452B-964E-83F9CE360889}.Release|Any CPU.ActiveCfg = Release|Any CPU
		{0F937063-FCFA-452B-964E-83F9CE360889}.Release|Any CPU.Build.0 = Release|Any CPU
	EndGlobalSection
	GlobalSection(SolutionProperties) = preSolution
		HideSolutionNode = FALSE
	EndGlobalSection
	GlobalSection(ExtensibilityGlobals) = postSolution
		SolutionGuid = {7FD593ED-73F6-4E7A-8DDE-5580A7339FDF}
	EndGlobalSection
EndGlobal
